github.com/gocarina/gocsv v0.0.0-20260523204920-c264028e67ea h1:XvL0wVLiLmxbUB0xbPE3vY70Qrk0bkCdD8h7SL1Hyl4=
github.com/gocarina/gocsv v0.0.0-20260523204920-c264028e67ea/go.mod h1:5YoVOkjYAQumqlV356Hj3xeYh4BdZuLE0/nRkf2NKkI=
github.com/jazzboME/tiin-go v0.0.0-20260526004902-72b5bcffe006 h1:RIXqML3a7W3/GBg3lxY43jIi+xJCijuztDTT+S6PwDc=
github.com/jazzboME/tiin-go v0.0.0-20260526004902-72b5bcffe006/go.mod h1:16mJ7ISUFE0h41bkwEb8OMhWcj4Bc/ObcQyLi4y5pAo=
github.com/jazzboME/tiin-go v0.0.0-20260526005135-a2cc1a8f7234 h1:A3qXwg9MK8sAFcB0jbhf9J1snjRrydItVV1lZvTOyNk=
github.com/jazzboME/tiin-go v0.0.0-20260526005135-a2cc1a8f7234/go.mod h1:16mJ7ISUFE0h41bkwEb8OMhWcj4Bc/ObcQyLi4y5pAo=
github.com/jazzboME/tiin-go v0.0.0-20260526005311-bb6bd77422e3 h1:xk2UiLY67aa2bi1DmC4jyt9qDw8M2Ibi8hCzpaVNnos=
github.com/jazzboME/tiin-go v0.0.0-20260526005311-bb6bd77422e3/go.mod h1:16mJ7ISUFE0h41bkwEb8OMhWcj4Bc/ObcQyLi4y5pAo=
github.com/jazzboME/tiin-go v0.0.0-20260526005901-5a9c9ecb60f3 h1:BpJfMYhOzlUBQQuSDAs2oMxg1ck8/NRGf0K4D+hW5i8=
github.com/jazzboME/tiin-go v0.0.0-20260526005901-5a9c9ecb60f3/go.mod h1:16mJ7ISUFE0h41bkwEb8OMhWcj4Bc/ObcQyLi4y5pAo=
github.com/jazzboME/tiin-go v0.0.0-20260526010042-6f5a5532e495 h1:ohTxMdLm40LAW7sxaSDEdMQkjCKGfDh8NwrAttIheAk=
github.com/jazzboME/tiin-go v0.0.0-20260526010042-6f5a5532e495/go.mod h1:16mJ7ISUFE0h41bkwEb8OMhWcj4Bc/ObcQyLi4y5pAo=
github.com/jazzboME/tiin-go v0.0.0-20260526010839-47c328dd51ff h1:JUBk8EdV0WwGINWkMOMhkbhsNCEEDfMlgm0eZo3T1tE=
github.com/jazzboME/tiin-go v0.0.0-20260526010839-47c328dd51ff/go.mod h1:16mJ7ISUFE0h41bkwEb8OMhWcj4Bc/ObcQyLi4y5pAo=
github.com/jazzboME/tiin-go v0.0.0-20260526011324-6fba47e6a419 h1:wGEHE0TOEbvQSWi5xuBg9+yjGYTRHkP45qKIfJxqk7A=
github.com/jazzboME/tiin-go v0.0.0-20260526011324-6fba47e6a419/go.mod h1:16mJ7ISUFE0h41bkwEb8OMhWcj4Bc/ObcQyLi4y5pAo=
github.com/jazzboME/tiin-go v0.0.0-20260526011729-79fe22f7a151 h1:Tv4wkls5dfdWG/xEWNiu/SHhzqJ64uiGM5IaSPDi6Dk=
github.com/jazzboME/tiin-go v0.0.0-20260526011729-79fe22f7a151/go.mod h1:16mJ7ISUFE0h41bkwEb8OMhWcj4Bc/ObcQyLi4y5pAo=
github.com/jazzboME/tiin-go v0.0.0-20260526012356-89c3f85ff61a h1:wsG7AzkIZgAYc7Tq4g+HDr577jAEB2zhM+cRBwcBOyE=
github.com/jazzboME/tiin-go v0.0.0-20260526012356-89c3f85ff61a/go.mod h1:16mJ7ISUFE0h41bkwEb8OMhWcj4Bc/ObcQyLi4y5pAo=
github.com/jazzboME/tiin-go v0.0.0-20260526015435-044f420ef8ef h1:5JaXplBQ2+lTBRTec3+f8TceVEPydcmjN0VgRFM7ilI=
github.com/jazzboME/tiin-go v0.0.0-20260526015435-044f420ef8ef/go.mod h1:16mJ7ISUFE0h41bkwEb8OMhWcj4Bc/ObcQyLi4y5pAo=
github.com/spf13/pflag v1.0.10 h1:4EBh2KAYBwaONj6b2Ye1GiHfwjqyROoF4RwYO+vPwFk=
github.com/spf13/pflag v1.0.10/go.mod h1:McXfInJRrz4CZXVZOBLb0bTZqETkiAhM9Iw0y3An2Bg=
golang.org/x/time v0.8.0 h1:9i3RxcPv3PZnitoVGMPDKZSq1xW1gK1Xy3ArNOGZfEg=
golang.org/x/time v0.8.0/go.mod h1:3BpzKBy/shNhVucY/MWOyx10tF3SFh9QdLuxbVysPQM=
